
Microsoft Visual Studio Solution File, Format Version 12.00
# Visual Studio 15
VisualStudioVersion = 15.0.27428.2043
MinimumVisualStudioVersion = 10.0.40219.1
Project("{9A19103F-16F7-4668-BE54-9A1E7A4F7556}") = "openillink-invoicegenerator", "openillink-invoicegenerator\openillink-invoicegenerator.csproj", "{664A774F-E6A0-403B-910B-DF4ACE827FF8}"
EndProject
Project("{2150E333-8FDC-42A3-9474-1A3956D46DE8}") = "Solution", "Solution", "{718DAB9A-3921-4B92-9411-9E20F1D366C2}"
	ProjectSection(SolutionItems) = preProject
		.gitignore = .gitignore
		README.md = README.md
	EndProjectSection
EndProject
Global
	GlobalSection(SolutionConfigurationPlatforms) = preSolution
		Debug|Any CPU = Debug|Any CPU
		Release|Any CPU = Release|Any CPU
	EndGlobalSection
	GlobalSection(ProjectConfigurationPlatforms) = postSolution
		{664A774F-E6A0-403B-910B-DF4ACE827FF8}.Debug|Any CPU.ActiveCfg = Debug|Any CPU
		{664A774F-E6A0-403B-910B-DF4ACE827FF8}.Debug|Any CPU.Build.0 = Debug|Any CPU
		{664A774F-E6A0-403B-910B-DF4ACE827FF8}.Release|Any CPU.ActiveCfg = Release|Any CPU
		{664A774F-E6A0-403B-910B-DF4ACE827FF8}.Release|Any CPU.Build.0 = Release|Any CPU
	EndGlobalSection
	GlobalSection(SolutionProperties) = preSolution
		HideSolutionNode = FALSE
	EndGlobalSection
	GlobalSection(ExtensibilityGlobals) = postSolution
		SolutionGuid = {133B50AD-A4E0-48C5-88C3-9C8A624919BB}
	EndGlobalSection
EndGlobal
